
Microsoft Visual Studio Solution File, Format Version 12.00
# Visual Studio Version 17
VisualStudioVersion = 17.6.33723.286
MinimumVisualStudioVersion = 10.0.40219.1
Project("{FAE04EC0-301F-11D3-BF4B-00C04F79EFBC}") = "CoreTestFramework.Core", "CoreTestFramework.Core\CoreTestFramework.Core.csproj", "{40E9906A-3610-4BB8-BF3C-8C0CD85201E3}"
EndProject
Project("{FAE04EC0-301F-11D3-BF4B-00C04F79EFBC}") = "CoreTestFramework.Northwind.Entities", "CoreTestFramework.Northwind.Entities\CoreTestFramework.Northwind.Entities.csproj", "{A4EB696F-D1E9-447B-8A62-3B1FFEBBE768}"
EndProject
Project("{FAE04EC0-301F-11D3-BF4B-00C04F79EFBC}") = "CoreTestFramework.Northwind.DataAccess", "CoreTestFramework.Northwind.DataAccess\CoreTestFramework.Northwind.DataAccess.csproj", "{ABD4F952-2364-4466-AE32-EC8F24DED435}"
EndProject
Project("{FAE04EC0-301F-11D3-BF4B-00C04F79EFBC}") = "CoreTestFramework.Northwind.Business", "CoreTestFramework.Northwind.Business\CoreTestFramework.Northwind.Business.csproj", "{C4895327-63A3-426B-9F95-F971AA76B0B8}"
EndProject
Project("{FAE04EC0-301F-11D3-BF4B-00C04F79EFBC}") = "CoreTestFramework.Northwind.WebMvcUI", "CoreTestFramework.Northwind.WebMvcUI\CoreTestFramework.Northwind.WebMvcUI.csproj", "{D4086218-507D-4388-BDF1-6B9FCADC0196}"
EndProject
Global
	GlobalSection(SolutionConfigurationPlatforms) = preSolution
		Debug|Any CPU = Debug|Any CPU
		Release|Any CPU = Release|Any CPU
	EndGlobalSection
	GlobalSection(ProjectConfigurationPlatforms) = postSolution
		{40E9906A-3610-4BB8-BF3C-8C0CD85201E3}.Debug|Any CPU.ActiveCfg = Debug|Any CPU
		{40E9906A-3610-4BB8-BF3C-8C0CD85201E3}.Debug|Any CPU.Build.0 = Debug|Any CPU
		{40E9906A-3610-4BB8-BF3C-8C0CD85201E3}.Release|Any CPU.ActiveCfg = Release|Any CPU
		{40E9906A-3610-4BB8-BF3C-8C0CD85201E3}.Release|Any CPU.Build.0 = Release|Any CPU
		{A4EB696F-D1E9-447B-8A62-3B1FFEBBE768}.Debug|Any CPU.ActiveCfg = Debug|Any CPU
		{A4EB696F-D1E9-447B-8A62-3B1FFEBBE768}.Debug|Any CPU.Build.0 = Debug|Any CPU
		{A4EB696F-D1E9-447B-8A62-3B1FFEBBE768}.Release|Any CPU.ActiveCfg = Release|Any CPU
		{A4EB696F-D1E9-447B-8A62-3B1FFEBBE768}.Release|Any CPU.Build.0 = Release|Any CPU
		{ABD4F952-2364-4466-AE32-EC8F24DED435}.Debug|Any CPU.ActiveCfg = Debug|Any CPU
		{ABD4F952-2364-4466-AE32-EC8F24DED435}.Debug|Any CPU.Build.0 = Debug|Any CPU
		{ABD4F952-2364-4466-AE32-EC8F24DED435}.Release|Any CPU.ActiveCfg = Release|Any CPU
		{ABD4F952-2364-4466-AE32-EC8F24DED435}.Release|Any CPU.Build.0 = Release|Any CPU
		{C4895327-63A3-426B-9F95-F971AA76B0B8}.Debug|Any CPU.ActiveCfg = Debug|Any CPU
		{C4895327-63A3-426B-9F95-F971AA76B0B8}.Debug|Any CPU.Build.0 = Debug|Any CPU
		{C4895327-63A3-426B-9F95-F971AA76B0B8}.Release|Any CPU.ActiveCfg = Release|Any CPU
		{C4895327-63A3-426B-9F95-F971AA76B0B8}.Release|Any CPU.Build.0 = Release|Any CPU
		{D4086218-507D-4388-BDF1-6B9FCADC0196}.Debug|Any CPU.ActiveCfg = Debug|Any CPU
		{D4086218-507D-4388-BDF1-6B9FCADC0196}.Debug|Any CPU.Build.0 = Debug|Any CPU
		{D4086218-507D-4388-BDF1-6B9FCADC0196}.Release|Any CPU.ActiveCfg = Release|Any CPU
		{D4086218-507D-4388-BDF1-6B9FCADC0196}.Release|Any CPU.Build.0 = Release|Any CPU
	EndGlobalSection
	GlobalSection(SolutionProperties) = preSolution
		HideSolutionNode = FALSE
	EndGlobalSection
	GlobalSection(ExtensibilityGlobals) = postSolution
		SolutionGuid = {94B4DE87-D432-4DAA-8609-14CCDB9B34DA}
	EndGlobalSection
EndGlobal
